
Microsoft Visual Studio Solution File, Format Version 12.00
# Visual Studio 15
VisualStudioVersion = 15.0.26124.0
MinimumVisualStudioVersion = 15.0.26124.0
Project("{FAE04EC0-301F-11D3-BF4B-00C04F79EFBC}") = "Game.Services.Messaging.API", "Game.Services.Messaging.API\Game.Services.Messaging.API.csproj", "{0F90B3D4-854B-494C-8670-0967CF8AA2C7}"
EndProject
Project("{FAE04EC0-301F-11D3-BF4B-00C04F79EFBC}") = "Game.Services.Messaging.Application", "Game.Services.Messaging.Application\Game.Services.Messaging.Application.csproj", "{833D5623-CDD1-430F-AC17-81D5B68C3665}"
EndProject
Project("{FAE04EC0-301F-11D3-BF4B-00C04F79EFBC}") = "Game.Services.Messaging.Core", "Game.Services.Messaging.Core\Game.Services.Messaging.Core.csproj", "{7E817231-4686-4E52-88A0-8D058B388303}"
EndProject
Project("{FAE04EC0-301F-11D3-BF4B-00C04F79EFBC}") = "Game.Services.Messaging.Infrastructure", "Game.Services.Messaging.Infrastructure\Game.Services.Messaging.Infrastructure.csproj", "{757B591F-DB4C-4FE4-B34A-0E4856105066}"
EndProject
Global
	GlobalSection(SolutionConfigurationPlatforms) = preSolution
		Debug|Any CPU = Debug|Any CPU
		Debug|x64 = Debug|x64
		Debug|x86 = Debug|x86
		Release|Any CPU = Release|Any CPU
		Release|x64 = Release|x64
		Release|x86 = Release|x86
	EndGlobalSection
	GlobalSection(SolutionProperties) = preSolution
		HideSolutionNode = FALSE
	EndGlobalSection
	GlobalSection(ProjectConfigurationPlatforms) = postSolution
		{0F90B3D4-854B-494C-8670-0967CF8AA2C7}.Debug|Any CPU.ActiveCfg = Debug|Any CPU
		{0F90B3D4-854B-494C-8670-0967CF8AA2C7}.Debug|Any CPU.Build.0 = Debug|Any CPU
		{0F90B3D4-854B-494C-8670-0967CF8AA2C7}.Debug|x64.ActiveCfg = Debug|Any CPU
		{0F90B3D4-854B-494C-8670-0967CF8AA2C7}.Debug|x64.Build.0 = Debug|Any CPU
		{0F90B3D4-854B-494C-8670-0967CF8AA2C7}.Debug|x86.ActiveCfg = Debug|Any CPU
		{0F90B3D4-854B-494C-8670-0967CF8AA2C7}.Debug|x86.Build.0 = Debug|Any CPU
		{0F90B3D4-854B-494C-8670-0967CF8AA2C7}.Release|Any CPU.ActiveCfg = Release|Any CPU
		{0F90B3D4-854B-494C-8670-0967CF8AA2C7}.Release|Any CPU.Build.0 = Release|Any CPU
		{0F90B3D4-854B-494C-8670-0967CF8AA2C7}.Release|x64.ActiveCfg = Release|Any CPU
		{0F90B3D4-854B-494C-8670-0967CF8AA2C7}.Release|x64.Build.0 = Release|Any CPU
		{0F90B3D4-854B-494C-8670-0967CF8AA2C7}.Release|x86.ActiveCfg = Release|Any CPU
		{0F90B3D4-854B-494C-8670-0967CF8AA2C7}.Release|x86.Build.0 = Release|Any CPU
		{833D5623-CDD1-430F-AC17-81D5B68C3665}.Debug|Any CPU.ActiveCfg = Debug|Any CPU
		{833D5623-CDD1-430F-AC17-81D5B68C3665}.Debug|Any CPU.Build.0 = Debug|Any CPU
		{833D5623-CDD1-430F-AC17-81D5B68C3665}.Debug|x64.ActiveCfg = Debug|Any CPU
		{833D5623-CDD1-430F-AC17-81D5B68C3665}.Debug|x64.Build.0 = Debug|Any CPU
		{833D5623-CDD1-430F-AC17-81D5B68C3665}.Debug|x86.ActiveCfg = Debug|Any CPU
		{833D5623-CDD1-430F-AC17-81D5B68C3665}.Debug|x86.Build.0 = Debug|Any CPU
		{833D5623-CDD1-430F-AC17-81D5B68C3665}.Release|Any CPU.ActiveCfg = Release|Any CPU
		{833D5623-CDD1-430F-AC17-81D5B68C3665}.Release|Any CPU.Build.0 = Release|Any CPU
		{833D5623-CDD1-430F-AC17-81D5B68C3665}.Release|x64.ActiveCfg = Release|Any CPU
		{833D5623-CDD1-430F-AC17-81D5B68C3665}.Release|x64.Build.0 = Release|Any CPU
		{833D5623-CDD1-430F-AC17-81D5B68C3665}.Release|x86.ActiveCfg = Release|Any CPU
		{833D5623-CDD1-430F-AC17-81D5B68C3665}.Release|x86.Build.0 = Release|Any CPU
		{7E817231-4686-4E52-88A0-8D058B388303}.Debug|Any CPU.ActiveCfg = Debug|Any CPU
		{7E817231-4686-4E52-88A0-8D058B388303}.Debug|Any CPU.Build.0 = Debug|Any CPU
		{7E817231-4686-4E52-88A0-8D058B388303}.Debug|x64.ActiveCfg = Debug|Any CPU
		{7E817231-4686-4E52-88A0-8D058B388303}.Debug|x64.Build.0 = Debug|Any CPU
		{7E817231-4686-4E52-88A0-8D058B388303}.Debug|x86.ActiveCfg = Debug|Any CPU
		{7E817231-4686-4E52-88A0-8D058B388303}.Debug|x86.Build.0 = Debug|Any CPU
		{7E817231-4686-4E52-88A0-8D058B388303}.Release|Any CPU.ActiveCfg = Release|Any CPU
		{7E817231-4686-4E52-88A0-8D058B388303}.Release|Any CPU.Build.0 = Release|Any CPU
		{7E817231-4686-4E52-88A0-8D058B388303}.Release|x64.ActiveCfg = Release|Any CPU
		{7E817231-4686-4E52-88A0-8D058B388303}.Release|x64.Build.0 = Release|Any CPU
		{7E817231-4686-4E52-88A0-8D058B388303}.Release|x86.ActiveCfg = Release|Any CPU
		{7E817231-4686-4E52-88A0-8D058B388303}.Release|x86.Build.0 = Release|Any CPU
		{757B591F-DB4C-4FE4-B34A-0E4856105066}.Debug|Any CPU.ActiveCfg = Debug|Any CPU
		{757B591F-DB4C-4FE4-B34A-0E4856105066}.Debug|Any CPU.Build.0 = Debug|Any CPU
		{757B591F-DB4C-4FE4-B34A-0E4856105066}.Debug|x64.ActiveCfg = Debug|Any CPU
		{757B591F-DB4C-4FE4-B34A-0E4856105066}.Debug|x64.Build.0 = Debug|Any CPU
		{757B591F-DB4C-4FE4-B34A-0E4856105066}.Debug|x86.ActiveCfg = Debug|Any CPU
		{757B591F-DB4C-4FE4-B34A-0E4856105066}.Debug|x86.Build.0 = Debug|Any CPU
		{757B591F-DB4C-4FE4-B34A-0E4856105066}.Release|Any CPU.ActiveCfg = Release|Any CPU
		{757B591F-DB4C-4FE4-B34A-0E4856105066}.Release|Any CPU.Build.0 = Release|Any CPU
		{757B591F-DB4C-4FE4-B34A-0E4856105066}.Release|x64.ActiveCfg = Release|Any CPU
		{757B591F-DB4C-4FE4-B34A-0E4856105066}.Release|x64.Build.0 = Release|Any CPU
		{757B591F-DB4C-4FE4-B34A-0E4856105066}.Release|x86.ActiveCfg = Release|Any CPU
		{757B591F-DB4C-4FE4-B34A-0E4856105066}.Release|x86.Build.0 = Release|Any CPU
	EndGlobalSection
EndGlobal
