
Microsoft Visual Studio Solution File, Format Version 12.00
# Visual Studio 15
VisualStudioVersion = 15.0.26124.0
MinimumVisualStudioVersion = 15.0.26124.0
Project("{2150E333-8FDC-42A3-9474-1A3956D46DE8}") = "Game.Services.EventProcessor", "Game.Services.EventProcessor", "{8ACB7629-9736-436F-BC92-D38E21A8014B}"
EndProject
Project("{FAE04EC0-301F-11D3-BF4B-00C04F79EFBC}") = "Game.Services.EventProcessor.API", "Game.Services.EventProcessor\src\Game.Services.EventProcessor.API\Game.Services.EventProcessor.API.csproj", "{1D2FE12D-DF43-4EC2-BE45-0689B7B67269}"
EndProject
Project("{FAE04EC0-301F-11D3-BF4B-00C04F79EFBC}") = "Game.Services.EventProcessor.Core", "Game.Services.EventProcessor\src\Game.Services.EventProcessor.Core\Game.Services.EventProcessor.Core.csproj", "{ABE14E60-B68F-4DF0-B28C-7F6294618373}"
EndProject
Project("{FAE04EC0-301F-11D3-BF4B-00C04F79EFBC}") = "Game.Services.EventProcessor.Application", "Game.Services.EventProcessor\src\Game.Services.EventProcessor.Application\Game.Services.EventProcessor.Application.csproj", "{FF8E7D26-243D-4E96-AAC3-00AA9B908A5E}"
EndProject
Project("{FAE04EC0-301F-11D3-BF4B-00C04F79EFBC}") = "Game.Services.EventProcessor.Infrastructure", "Game.Services.EventProcessor\src\Game.Services.EventProcessor.Infrastructure\Game.Services.EventProcessor.Infrastructure.csproj", "{D8773CFF-518C-4FF0-8F98-5CAF1D5FADAB}"
EndProject
Project("{2150E333-8FDC-42A3-9474-1A3956D46DE8}") = "Common", "Common", "{258BC642-7AD1-4570-BB48-0B61708F85C1}"
EndProject
Project("{FAE04EC0-301F-11D3-BF4B-00C04F79EFBC}") = "Common", "Common\src\Common.csproj", "{18E79D16-A324-465F-9449-C8EACDF882FE}"
EndProject
Project("{2150E333-8FDC-42A3-9474-1A3956D46DE8}") = "Game.Services.Messaging", "Game.Services.Messaging", "{0470D733-E58B-4428-A7EE-087F9E13BB06}"
EndProject
Project("{FAE04EC0-301F-11D3-BF4B-00C04F79EFBC}") = "Game.Services.Messaging.API", "Game.Services.Messaging\src\Game.Services.Messaging.API\Game.Services.Messaging.API.csproj", "{6BF55BF0-5195-4274-943D-D6BF580A8A12}"
EndProject
Project("{FAE04EC0-301F-11D3-BF4B-00C04F79EFBC}") = "Game.Services.Messaging.Core", "Game.Services.Messaging\src\Game.Services.Messaging.Core\Game.Services.Messaging.Core.csproj", "{8FEE060C-F3BF-4BBF-AD82-820A07510A71}"
EndProject
Project("{FAE04EC0-301F-11D3-BF4B-00C04F79EFBC}") = "Game.Services.Messaging.Application", "Game.Services.Messaging\src\Game.Services.Messaging.Application\Game.Services.Messaging.Application.csproj", "{FAA43008-1119-4917-8FF5-32213DBD1D75}"
EndProject
Project("{FAE04EC0-301F-11D3-BF4B-00C04F79EFBC}") = "Game.Services.Messaging.Infrastructure", "Game.Services.Messaging\src\Game.Services.Messaging.Infrastructure\Game.Services.Messaging.Infrastructure.csproj", "{520A6DC9-D856-4D23-BB56-063E74603323}"
EndProject
Project("{2150E333-8FDC-42A3-9474-1A3956D46DE8}") = "Game.API", "Game.API", "{8CDDCB4B-0CA7-4FFC-9C5F-2BCA8BC60733}"
EndProject
Project("{FAE04EC0-301F-11D3-BF4B-00C04F79EFBC}") = "Game.API", "Game.APIGateway\src\Game.API\Game.API.csproj", "{9FAE4D5E-0914-4FE9-A419-778BF3946D5A}"
EndProject
Global
	GlobalSection(SolutionConfigurationPlatforms) = preSolution
		Debug|Any CPU = Debug|Any CPU
		Debug|x64 = Debug|x64
		Debug|x86 = Debug|x86
		Release|Any CPU = Release|Any CPU
		Release|x64 = Release|x64
		Release|x86 = Release|x86
	EndGlobalSection
	GlobalSection(SolutionProperties) = preSolution
		HideSolutionNode = FALSE
	EndGlobalSection
	GlobalSection(ProjectConfigurationPlatforms) = postSolution
		{1D2FE12D-DF43-4EC2-BE45-0689B7B67269}.Debug|Any CPU.ActiveCfg = Debug|Any CPU
		{1D2FE12D-DF43-4EC2-BE45-0689B7B67269}.Debug|Any CPU.Build.0 = Debug|Any CPU
		{1D2FE12D-DF43-4EC2-BE45-0689B7B67269}.Debug|x64.ActiveCfg = Debug|Any CPU
		{1D2FE12D-DF43-4EC2-BE45-0689B7B67269}.Debug|x64.Build.0 = Debug|Any CPU
		{1D2FE12D-DF43-4EC2-BE45-0689B7B67269}.Debug|x86.ActiveCfg = Debug|Any CPU
		{1D2FE12D-DF43-4EC2-BE45-0689B7B67269}.Debug|x86.Build.0 = Debug|Any CPU
		{1D2FE12D-DF43-4EC2-BE45-0689B7B67269}.Release|Any CPU.ActiveCfg = Release|Any CPU
		{1D2FE12D-DF43-4EC2-BE45-0689B7B67269}.Release|Any CPU.Build.0 = Release|Any CPU
		{1D2FE12D-DF43-4EC2-BE45-0689B7B67269}.Release|x64.ActiveCfg = Release|Any CPU
		{1D2FE12D-DF43-4EC2-BE45-0689B7B67269}.Release|x64.Build.0 = Release|Any CPU
		{1D2FE12D-DF43-4EC2-BE45-0689B7B67269}.Release|x86.ActiveCfg = Release|Any CPU
		{1D2FE12D-DF43-4EC2-BE45-0689B7B67269}.Release|x86.Build.0 = Release|Any CPU
		{ABE14E60-B68F-4DF0-B28C-7F6294618373}.Debug|Any CPU.ActiveCfg = Debug|Any CPU
		{ABE14E60-B68F-4DF0-B28C-7F6294618373}.Debug|Any CPU.Build.0 = Debug|Any CPU
		{ABE14E60-B68F-4DF0-B28C-7F6294618373}.Debug|x64.ActiveCfg = Debug|Any CPU
		{ABE14E60-B68F-4DF0-B28C-7F6294618373}.Debug|x64.Build.0 = Debug|Any CPU
		{ABE14E60-B68F-4DF0-B28C-7F6294618373}.Debug|x86.ActiveCfg = Debug|Any CPU
		{ABE14E60-B68F-4DF0-B28C-7F6294618373}.Debug|x86.Build.0 = Debug|Any CPU
		{ABE14E60-B68F-4DF0-B28C-7F6294618373}.Release|Any CPU.ActiveCfg = Release|Any CPU
		{ABE14E60-B68F-4DF0-B28C-7F6294618373}.Release|Any CPU.Build.0 = Release|Any CPU
		{ABE14E60-B68F-4DF0-B28C-7F6294618373}.Release|x64.ActiveCfg = Release|Any CPU
		{ABE14E60-B68F-4DF0-B28C-7F6294618373}.Release|x64.Build.0 = Release|Any CPU
		{ABE14E60-B68F-4DF0-B28C-7F6294618373}.Release|x86.ActiveCfg = Release|Any CPU
		{ABE14E60-B68F-4DF0-B28C-7F6294618373}.Release|x86.Build.0 = Release|Any CPU
		{FF8E7D26-243D-4E96-AAC3-00AA9B908A5E}.Debug|Any CPU.ActiveCfg = Debug|Any CPU
		{FF8E7D26-243D-4E96-AAC3-00AA9B908A5E}.Debug|Any CPU.Build.0 = Debug|Any CPU
		{FF8E7D26-243D-4E96-AAC3-00AA9B908A5E}.Debug|x64.ActiveCfg = Debug|Any CPU
		{FF8E7D26-243D-4E96-AAC3-00AA9B908A5E}.Debug|x64.Build.0 = Debug|Any CPU
		{FF8E7D26-243D-4E96-AAC3-00AA9B908A5E}.Debug|x86.ActiveCfg = Debug|Any CPU
		{FF8E7D26-243D-4E96-AAC3-00AA9B908A5E}.Debug|x86.Build.0 = Debug|Any CPU
		{FF8E7D26-243D-4E96-AAC3-00AA9B908A5E}.Release|Any CPU.ActiveCfg = Release|Any CPU
		{FF8E7D26-243D-4E96-AAC3-00AA9B908A5E}.Release|Any CPU.Build.0 = Release|Any CPU
		{FF8E7D26-243D-4E96-AAC3-00AA9B908A5E}.Release|x64.ActiveCfg = Release|Any CPU
		{FF8E7D26-243D-4E96-AAC3-00AA9B908A5E}.Release|x64.Build.0 = Release|Any CPU
		{FF8E7D26-243D-4E96-AAC3-00AA9B908A5E}.Release|x86.ActiveCfg = Release|Any CPU
		{FF8E7D26-243D-4E96-AAC3-00AA9B908A5E}.Release|x86.Build.0 = Release|Any CPU
		{D8773CFF-518C-4FF0-8F98-5CAF1D5FADAB}.Debug|Any CPU.ActiveCfg = Debug|Any CPU
		{D8773CFF-518C-4FF0-8F98-5CAF1D5FADAB}.Debug|Any CPU.Build.0 = Debug|Any CPU
		{D8773CFF-518C-4FF0-8F98-5CAF1D5FADAB}.Debug|x64.ActiveCfg = Debug|Any CPU
		{D8773CFF-518C-4FF0-8F98-5CAF1D5FADAB}.Debug|x64.Build.0 = Debug|Any CPU
		{D8773CFF-518C-4FF0-8F98-5CAF1D5FADAB}.Debug|x86.ActiveCfg = Debug|Any CPU
		{D8773CFF-518C-4FF0-8F98-5CAF1D5FADAB}.Debug|x86.Build.0 = Debug|Any CPU
		{D8773CFF-518C-4FF0-8F98-5CAF1D5FADAB}.Release|Any CPU.ActiveCfg = Release|Any CPU
		{D8773CFF-518C-4FF0-8F98-5CAF1D5FADAB}.Release|Any CPU.Build.0 = Release|Any CPU
		{D8773CFF-518C-4FF0-8F98-5CAF1D5FADAB}.Release|x64.ActiveCfg = Release|Any CPU
		{D8773CFF-518C-4FF0-8F98-5CAF1D5FADAB}.Release|x64.Build.0 = Release|Any CPU
		{D8773CFF-518C-4FF0-8F98-5CAF1D5FADAB}.Release|x86.ActiveCfg = Release|Any CPU
		{D8773CFF-518C-4FF0-8F98-5CAF1D5FADAB}.Release|x86.Build.0 = Release|Any CPU
		{18E79D16-A324-465F-9449-C8EACDF882FE}.Debug|Any CPU.ActiveCfg = Debug|Any CPU
		{18E79D16-A324-465F-9449-C8EACDF882FE}.Debug|Any CPU.Build.0 = Debug|Any CPU
		{18E79D16-A324-465F-9449-C8EACDF882FE}.Debug|x64.ActiveCfg = Debug|Any CPU
		{18E79D16-A324-465F-9449-C8EACDF882FE}.Debug|x64.Build.0 = Debug|Any CPU
		{18E79D16-A324-465F-9449-C8EACDF882FE}.Debug|x86.ActiveCfg = Debug|Any CPU
		{18E79D16-A324-465F-9449-C8EACDF882FE}.Debug|x86.Build.0 = Debug|Any CPU
		{18E79D16-A324-465F-9449-C8EACDF882FE}.Release|Any CPU.ActiveCfg = Release|Any CPU
		{18E79D16-A324-465F-9449-C8EACDF882FE}.Release|Any CPU.Build.0 = Release|Any CPU
		{18E79D16-A324-465F-9449-C8EACDF882FE}.Release|x64.ActiveCfg = Release|Any CPU
		{18E79D16-A324-465F-9449-C8EACDF882FE}.Release|x64.Build.0 = Release|Any CPU
		{18E79D16-A324-465F-9449-C8EACDF882FE}.Release|x86.ActiveCfg = Release|Any CPU
		{18E79D16-A324-465F-9449-C8EACDF882FE}.Release|x86.Build.0 = Release|Any CPU
		{6BF55BF0-5195-4274-943D-D6BF580A8A12}.Debug|Any CPU.ActiveCfg = Debug|Any CPU
		{6BF55BF0-5195-4274-943D-D6BF580A8A12}.Debug|Any CPU.Build.0 = Debug|Any CPU
		{6BF55BF0-5195-4274-943D-D6BF580A8A12}.Debug|x64.ActiveCfg = Debug|Any CPU
		{6BF55BF0-5195-4274-943D-D6BF580A8A12}.Debug|x64.Build.0 = Debug|Any CPU
		{6BF55BF0-5195-4274-943D-D6BF580A8A12}.Debug|x86.ActiveCfg = Debug|Any CPU
		{6BF55BF0-5195-4274-943D-D6BF580A8A12}.Debug|x86.Build.0 = Debug|Any CPU
		{6BF55BF0-5195-4274-943D-D6BF580A8A12}.Release|Any CPU.ActiveCfg = Release|Any CPU
		{6BF55BF0-5195-4274-943D-D6BF580A8A12}.Release|Any CPU.Build.0 = Release|Any CPU
		{6BF55BF0-5195-4274-943D-D6BF580A8A12}.Release|x64.ActiveCfg = Release|Any CPU
		{6BF55BF0-5195-4274-943D-D6BF580A8A12}.Release|x64.Build.0 = Release|Any CPU
		{6BF55BF0-5195-4274-943D-D6BF580A8A12}.Release|x86.ActiveCfg = Release|Any CPU
		{6BF55BF0-5195-4274-943D-D6BF580A8A12}.Release|x86.Build.0 = Release|Any CPU
		{8FEE060C-F3BF-4BBF-AD82-820A07510A71}.Debug|Any CPU.ActiveCfg = Debug|Any CPU
		{8FEE060C-F3BF-4BBF-AD82-820A07510A71}.Debug|Any CPU.Build.0 = Debug|Any CPU
		{8FEE060C-F3BF-4BBF-AD82-820A07510A71}.Debug|x64.ActiveCfg = Debug|Any CPU
		{8FEE060C-F3BF-4BBF-AD82-820A07510A71}.Debug|x64.Build.0 = Debug|Any CPU
		{8FEE060C-F3BF-4BBF-AD82-820A07510A71}.Debug|x86.ActiveCfg = Debug|Any CPU
		{8FEE060C-F3BF-4BBF-AD82-820A07510A71}.Debug|x86.Build.0 = Debug|Any CPU
		{8FEE060C-F3BF-4BBF-AD82-820A07510A71}.Release|Any CPU.ActiveCfg = Release|Any CPU
		{8FEE060C-F3BF-4BBF-AD82-820A07510A71}.Release|Any CPU.Build.0 = Release|Any CPU
		{8FEE060C-F3BF-4BBF-AD82-820A07510A71}.Release|x64.ActiveCfg = Release|Any CPU
		{8FEE060C-F3BF-4BBF-AD82-820A07510A71}.Release|x64.Build.0 = Release|Any CPU
		{8FEE060C-F3BF-4BBF-AD82-820A07510A71}.Release|x86.ActiveCfg = Release|Any CPU
		{8FEE060C-F3BF-4BBF-AD82-820A07510A71}.Release|x86.Build.0 = Release|Any CPU
		{FAA43008-1119-4917-8FF5-32213DBD1D75}.Debug|Any CPU.ActiveCfg = Debug|Any CPU
		{FAA43008-1119-4917-8FF5-32213DBD1D75}.Debug|Any CPU.Build.0 = Debug|Any CPU
		{FAA43008-1119-4917-8FF5-32213DBD1D75}.Debug|x64.ActiveCfg = Debug|Any CPU
		{FAA43008-1119-4917-8FF5-32213DBD1D75}.Debug|x64.Build.0 = Debug|Any CPU
		{FAA43008-1119-4917-8FF5-32213DBD1D75}.Debug|x86.ActiveCfg = Debug|Any CPU
		{FAA43008-1119-4917-8FF5-32213DBD1D75}.Debug|x86.Build.0 = Debug|Any CPU
		{FAA43008-1119-4917-8FF5-32213DBD1D75}.Release|Any CPU.ActiveCfg = Release|Any CPU
		{FAA43008-1119-4917-8FF5-32213DBD1D75}.Release|Any CPU.Build.0 = Release|Any CPU
		{FAA43008-1119-4917-8FF5-32213DBD1D75}.Release|x64.ActiveCfg = Release|Any CPU
		{FAA43008-1119-4917-8FF5-32213DBD1D75}.Release|x64.Build.0 = Release|Any CPU
		{FAA43008-1119-4917-8FF5-32213DBD1D75}.Release|x86.ActiveCfg = Release|Any CPU
		{FAA43008-1119-4917-8FF5-32213DBD1D75}.Release|x86.Build.0 = Release|Any CPU
		{520A6DC9-D856-4D23-BB56-063E74603323}.Debug|Any CPU.ActiveCfg = Debug|Any CPU
		{520A6DC9-D856-4D23-BB56-063E74603323}.Debug|Any CPU.Build.0 = Debug|Any CPU
		{520A6DC9-D856-4D23-BB56-063E74603323}.Debug|x64.ActiveCfg = Debug|Any CPU
		{520A6DC9-D856-4D23-BB56-063E74603323}.Debug|x64.Build.0 = Debug|Any CPU
		{520A6DC9-D856-4D23-BB56-063E74603323}.Debug|x86.ActiveCfg = Debug|Any CPU
		{520A6DC9-D856-4D23-BB56-063E74603323}.Debug|x86.Build.0 = Debug|Any CPU
		{520A6DC9-D856-4D23-BB56-063E74603323}.Release|Any CPU.ActiveCfg = Release|Any CPU
		{520A6DC9-D856-4D23-BB56-063E74603323}.Release|Any CPU.Build.0 = Release|Any CPU
		{520A6DC9-D856-4D23-BB56-063E74603323}.Release|x64.ActiveCfg = Release|Any CPU
		{520A6DC9-D856-4D23-BB56-063E74603323}.Release|x64.Build.0 = Release|Any CPU
		{520A6DC9-D856-4D23-BB56-063E74603323}.Release|x86.ActiveCfg = Release|Any CPU
		{520A6DC9-D856-4D23-BB56-063E74603323}.Release|x86.Build.0 = Release|Any CPU
		{9FAE4D5E-0914-4FE9-A419-778BF3946D5A}.Debug|Any CPU.ActiveCfg = Debug|Any CPU
		{9FAE4D5E-0914-4FE9-A419-778BF3946D5A}.Debug|Any CPU.Build.0 = Debug|Any CPU
		{9FAE4D5E-0914-4FE9-A419-778BF3946D5A}.Debug|x64.ActiveCfg = Debug|Any CPU
		{9FAE4D5E-0914-4FE9-A419-778BF3946D5A}.Debug|x64.Build.0 = Debug|Any CPU
		{9FAE4D5E-0914-4FE9-A419-778BF3946D5A}.Debug|x86.ActiveCfg = Debug|Any CPU
		{9FAE4D5E-0914-4FE9-A419-778BF3946D5A}.Debug|x86.Build.0 = Debug|Any CPU
		{9FAE4D5E-0914-4FE9-A419-778BF3946D5A}.Release|Any CPU.ActiveCfg = Release|Any CPU
		{9FAE4D5E-0914-4FE9-A419-778BF3946D5A}.Release|Any CPU.Build.0 = Release|Any CPU
		{9FAE4D5E-0914-4FE9-A419-778BF3946D5A}.Release|x64.ActiveCfg = Release|Any CPU
		{9FAE4D5E-0914-4FE9-A419-778BF3946D5A}.Release|x64.Build.0 = Release|Any CPU
		{9FAE4D5E-0914-4FE9-A419-778BF3946D5A}.Release|x86.ActiveCfg = Release|Any CPU
		{9FAE4D5E-0914-4FE9-A419-778BF3946D5A}.Release|x86.Build.0 = Release|Any CPU
	EndGlobalSection
	GlobalSection(NestedProjects) = preSolution
		{1D2FE12D-DF43-4EC2-BE45-0689B7B67269} = {8ACB7629-9736-436F-BC92-D38E21A8014B}
		{ABE14E60-B68F-4DF0-B28C-7F6294618373} = {8ACB7629-9736-436F-BC92-D38E21A8014B}
		{FF8E7D26-243D-4E96-AAC3-00AA9B908A5E} = {8ACB7629-9736-436F-BC92-D38E21A8014B}
		{D8773CFF-518C-4FF0-8F98-5CAF1D5FADAB} = {8ACB7629-9736-436F-BC92-D38E21A8014B}
		{18E79D16-A324-465F-9449-C8EACDF882FE} = {258BC642-7AD1-4570-BB48-0B61708F85C1}
		{6BF55BF0-5195-4274-943D-D6BF580A8A12} = {0470D733-E58B-4428-A7EE-087F9E13BB06}
		{8FEE060C-F3BF-4BBF-AD82-820A07510A71} = {0470D733-E58B-4428-A7EE-087F9E13BB06}
		{FAA43008-1119-4917-8FF5-32213DBD1D75} = {0470D733-E58B-4428-A7EE-087F9E13BB06}
		{520A6DC9-D856-4D23-BB56-063E74603323} = {0470D733-E58B-4428-A7EE-087F9E13BB06}
		{9FAE4D5E-0914-4FE9-A419-778BF3946D5A} = {8CDDCB4B-0CA7-4FFC-9C5F-2BCA8BC60733}
	EndGlobalSection
EndGlobal
