
Microsoft Visual Studio Solution File, Format Version 12.00
# Visual Studio 15
VisualStudioVersion = 15.0.26124.0
MinimumVisualStudioVersion = 15.0.26124.0
Project("{2150E333-8FDC-42A3-9474-1A3956D46DE8}") = "src", "src", "{39724554-F0D9-4818-897D-32D7E7CB3234}"
EndProject
Project("{FAE04EC0-301F-11D3-BF4B-00C04F79EFBC}") = "MicroBootstrap", "src\MicroBootstrap\MicroBootstrap.csproj", "{14586A57-DCA5-46EB-8A0F-B574FE58BEC2}"
EndProject
Global
	GlobalSection(SolutionConfigurationPlatforms) = preSolution
		Debug|Any CPU = Debug|Any CPU
		Debug|x64 = Debug|x64
		Debug|x86 = Debug|x86
		Release|Any CPU = Release|Any CPU
		Release|x64 = Release|x64
		Release|x86 = Release|x86
	EndGlobalSection
	GlobalSection(SolutionProperties) = preSolution
		HideSolutionNode = FALSE
	EndGlobalSection
	GlobalSection(ProjectConfigurationPlatforms) = postSolution
		{14586A57-DCA5-46EB-8A0F-B574FE58BEC2}.Debug|Any CPU.ActiveCfg = Debug|Any CPU
		{14586A57-DCA5-46EB-8A0F-B574FE58BEC2}.Debug|Any CPU.Build.0 = Debug|Any CPU
		{14586A57-DCA5-46EB-8A0F-B574FE58BEC2}.Debug|x64.ActiveCfg = Debug|Any CPU
		{14586A57-DCA5-46EB-8A0F-B574FE58BEC2}.Debug|x64.Build.0 = Debug|Any CPU
		{14586A57-DCA5-46EB-8A0F-B574FE58BEC2}.Debug|x86.ActiveCfg = Debug|Any CPU
		{14586A57-DCA5-46EB-8A0F-B574FE58BEC2}.Debug|x86.Build.0 = Debug|Any CPU
		{14586A57-DCA5-46EB-8A0F-B574FE58BEC2}.Release|Any CPU.ActiveCfg = Release|Any CPU
		{14586A57-DCA5-46EB-8A0F-B574FE58BEC2}.Release|Any CPU.Build.0 = Release|Any CPU
		{14586A57-DCA5-46EB-8A0F-B574FE58BEC2}.Release|x64.ActiveCfg = Release|Any CPU
		{14586A57-DCA5-46EB-8A0F-B574FE58BEC2}.Release|x64.Build.0 = Release|Any CPU
		{14586A57-DCA5-46EB-8A0F-B574FE58BEC2}.Release|x86.ActiveCfg = Release|Any CPU
		{14586A57-DCA5-46EB-8A0F-B574FE58BEC2}.Release|x86.Build.0 = Release|Any CPU
	EndGlobalSection
	GlobalSection(NestedProjects) = preSolution
		{14586A57-DCA5-46EB-8A0F-B574FE58BEC2} = {39724554-F0D9-4818-897D-32D7E7CB3234}
	EndGlobalSection
EndGlobal
