
Microsoft Visual Studio Solution File, Format Version 12.00
# Visual Studio 15
VisualStudioVersion = 15.0.26124.0
MinimumVisualStudioVersion = 15.0.26124.0
Project("{FAE04EC0-301F-11D3-BF4B-00C04F79EFBC}") = "MicroBootstrap", "src\MicroBootstrap.csproj", "{B8095C22-98EB-4EC1-8EF9-658B15B73334}"
EndProject
Project("{2150E333-8FDC-42A3-9474-1A3956D46DE8}") = "src", "src", "{97797217-38EF-48FD-A1A8-3A7871CA4076}"
EndProject
Project("{2150E333-8FDC-42A3-9474-1A3956D46DE8}") = "samples", "samples", "{7DDA7E03-242F-44D5-92CF-634F02D7DE73}"
EndProject
Project("{2150E333-8FDC-42A3-9474-1A3956D46DE8}") = "Game-Microservice-Sample", "Game-Microservice-Sample", "{EBC7957A-D586-4391-9C18-37E82049AE02}"
EndProject
Project("{2150E333-8FDC-42A3-9474-1A3956D46DE8}") = "Game.APIGateway", "Game.APIGateway", "{948ADC00-504E-44AD-87CB-5CCEDAA6A2E0}"
EndProject
Project("{2150E333-8FDC-42A3-9474-1A3956D46DE8}") = "Game.Services.EventProcessor", "Game.Services.EventProcessor", "{CA3CFCAB-D331-4A49-8594-2F85BEE8128B}"
EndProject
Project("{2150E333-8FDC-42A3-9474-1A3956D46DE8}") = "Game.Services.Messaging", "Game.Services.Messaging", "{4EBE8D15-C4F8-4B48-8FA0-3FC8FFF34B84}"
EndProject
Project("{FAE04EC0-301F-11D3-BF4B-00C04F79EFBC}") = "Game.API", "samples\Game-Microservices-Sample\Game.APIGateway\src\Game.API\Game.API.csproj", "{82AE1910-2F35-4FB6-B85E-B1C8D505D849}"
EndProject
Project("{FAE04EC0-301F-11D3-BF4B-00C04F79EFBC}") = "Game.Services.EventProcessor.API", "samples\Game-Microservices-Sample\Game.Services.EventProcessor\src\Game.Services.EventProcessor.API\Game.Services.EventProcessor.API.csproj", "{19CFA24A-E519-464A-BAE0-F7BBDCD5270B}"
EndProject
Project("{FAE04EC0-301F-11D3-BF4B-00C04F79EFBC}") = "Game.Services.EventProcessor.Application", "samples\Game-Microservices-Sample\Game.Services.EventProcessor\src\Game.Services.EventProcessor.Application\Game.Services.EventProcessor.Application.csproj", "{CC9978AD-7ED0-4012-BD63-019163B3C941}"
EndProject
Project("{FAE04EC0-301F-11D3-BF4B-00C04F79EFBC}") = "Game.Services.EventProcessor.Core", "samples\Game-Microservices-Sample\Game.Services.EventProcessor\src\Game.Services.EventProcessor.Core\Game.Services.EventProcessor.Core.csproj", "{871334B8-9E76-43EE-BAC4-3D390491B2CB}"
EndProject
Project("{FAE04EC0-301F-11D3-BF4B-00C04F79EFBC}") = "Game.Services.EventProcessor.Infrastructure", "samples\Game-Microservices-Sample\Game.Services.EventProcessor\src\Game.Services.EventProcessor.Infrastructure\Game.Services.EventProcessor.Infrastructure.csproj", "{9673EFA8-ED99-483A-84C8-26C234ADA439}"
EndProject
Project("{FAE04EC0-301F-11D3-BF4B-00C04F79EFBC}") = "Game.Services.Messaging.API", "samples\Game-Microservices-Sample\Game.Services.Messaging\src\Game.Services.Messaging.API\Game.Services.Messaging.API.csproj", "{BE69BE0B-032D-42B7-96AC-EDA3B235E3F8}"
EndProject
Project("{FAE04EC0-301F-11D3-BF4B-00C04F79EFBC}") = "Game.Services.Messaging.Application", "samples\Game-Microservices-Sample\Game.Services.Messaging\src\Game.Services.Messaging.Application\Game.Services.Messaging.Application.csproj", "{4F7E9AB5-EE13-4012-A4B5-32CE6990A868}"
EndProject
Project("{FAE04EC0-301F-11D3-BF4B-00C04F79EFBC}") = "Game.Services.Messaging.Core", "samples\Game-Microservices-Sample\Game.Services.Messaging\src\Game.Services.Messaging.Core\Game.Services.Messaging.Core.csproj", "{3D7D3681-5F2C-49D8-9131-3F54539FCD44}"
EndProject
Project("{FAE04EC0-301F-11D3-BF4B-00C04F79EFBC}") = "Game.Services.Messaging.Infrastructure", "samples\Game-Microservices-Sample\Game.Services.Messaging\src\Game.Services.Messaging.Infrastructure\Game.Services.Messaging.Infrastructure.csproj", "{EB5EF225-0501-4038-A59E-BFE84EB697B1}"
EndProject
Global
	GlobalSection(SolutionConfigurationPlatforms) = preSolution
		Debug|Any CPU = Debug|Any CPU
		Debug|x64 = Debug|x64
		Debug|x86 = Debug|x86
		Release|Any CPU = Release|Any CPU
		Release|x64 = Release|x64
		Release|x86 = Release|x86
	EndGlobalSection
	GlobalSection(SolutionProperties) = preSolution
		HideSolutionNode = FALSE
	EndGlobalSection
	GlobalSection(ProjectConfigurationPlatforms) = postSolution
		{B8095C22-98EB-4EC1-8EF9-658B15B73334}.Debug|Any CPU.ActiveCfg = Debug|Any CPU
		{B8095C22-98EB-4EC1-8EF9-658B15B73334}.Debug|Any CPU.Build.0 = Debug|Any CPU
		{B8095C22-98EB-4EC1-8EF9-658B15B73334}.Debug|x64.ActiveCfg = Debug|Any CPU
		{B8095C22-98EB-4EC1-8EF9-658B15B73334}.Debug|x64.Build.0 = Debug|Any CPU
		{B8095C22-98EB-4EC1-8EF9-658B15B73334}.Debug|x86.ActiveCfg = Debug|Any CPU
		{B8095C22-98EB-4EC1-8EF9-658B15B73334}.Debug|x86.Build.0 = Debug|Any CPU
		{B8095C22-98EB-4EC1-8EF9-658B15B73334}.Release|Any CPU.ActiveCfg = Release|Any CPU
		{B8095C22-98EB-4EC1-8EF9-658B15B73334}.Release|Any CPU.Build.0 = Release|Any CPU
		{B8095C22-98EB-4EC1-8EF9-658B15B73334}.Release|x64.ActiveCfg = Release|Any CPU
		{B8095C22-98EB-4EC1-8EF9-658B15B73334}.Release|x64.Build.0 = Release|Any CPU
		{B8095C22-98EB-4EC1-8EF9-658B15B73334}.Release|x86.ActiveCfg = Release|Any CPU
		{B8095C22-98EB-4EC1-8EF9-658B15B73334}.Release|x86.Build.0 = Release|Any CPU
		{82AE1910-2F35-4FB6-B85E-B1C8D505D849}.Debug|Any CPU.ActiveCfg = Debug|Any CPU
		{82AE1910-2F35-4FB6-B85E-B1C8D505D849}.Debug|Any CPU.Build.0 = Debug|Any CPU
		{82AE1910-2F35-4FB6-B85E-B1C8D505D849}.Debug|x64.ActiveCfg = Debug|Any CPU
		{82AE1910-2F35-4FB6-B85E-B1C8D505D849}.Debug|x64.Build.0 = Debug|Any CPU
		{82AE1910-2F35-4FB6-B85E-B1C8D505D849}.Debug|x86.ActiveCfg = Debug|Any CPU
		{82AE1910-2F35-4FB6-B85E-B1C8D505D849}.Debug|x86.Build.0 = Debug|Any CPU
		{82AE1910-2F35-4FB6-B85E-B1C8D505D849}.Release|Any CPU.ActiveCfg = Release|Any CPU
		{82AE1910-2F35-4FB6-B85E-B1C8D505D849}.Release|Any CPU.Build.0 = Release|Any CPU
		{82AE1910-2F35-4FB6-B85E-B1C8D505D849}.Release|x64.ActiveCfg = Release|Any CPU
		{82AE1910-2F35-4FB6-B85E-B1C8D505D849}.Release|x64.Build.0 = Release|Any CPU
		{82AE1910-2F35-4FB6-B85E-B1C8D505D849}.Release|x86.ActiveCfg = Release|Any CPU
		{82AE1910-2F35-4FB6-B85E-B1C8D505D849}.Release|x86.Build.0 = Release|Any CPU
		{19CFA24A-E519-464A-BAE0-F7BBDCD5270B}.Debug|Any CPU.ActiveCfg = Debug|Any CPU
		{19CFA24A-E519-464A-BAE0-F7BBDCD5270B}.Debug|Any CPU.Build.0 = Debug|Any CPU
		{19CFA24A-E519-464A-BAE0-F7BBDCD5270B}.Debug|x64.ActiveCfg = Debug|Any CPU
		{19CFA24A-E519-464A-BAE0-F7BBDCD5270B}.Debug|x64.Build.0 = Debug|Any CPU
		{19CFA24A-E519-464A-BAE0-F7BBDCD5270B}.Debug|x86.ActiveCfg = Debug|Any CPU
		{19CFA24A-E519-464A-BAE0-F7BBDCD5270B}.Debug|x86.Build.0 = Debug|Any CPU
		{19CFA24A-E519-464A-BAE0-F7BBDCD5270B}.Release|Any CPU.ActiveCfg = Release|Any CPU
		{19CFA24A-E519-464A-BAE0-F7BBDCD5270B}.Release|Any CPU.Build.0 = Release|Any CPU
		{19CFA24A-E519-464A-BAE0-F7BBDCD5270B}.Release|x64.ActiveCfg = Release|Any CPU
		{19CFA24A-E519-464A-BAE0-F7BBDCD5270B}.Release|x64.Build.0 = Release|Any CPU
		{19CFA24A-E519-464A-BAE0-F7BBDCD5270B}.Release|x86.ActiveCfg = Release|Any CPU
		{19CFA24A-E519-464A-BAE0-F7BBDCD5270B}.Release|x86.Build.0 = Release|Any CPU
		{CC9978AD-7ED0-4012-BD63-019163B3C941}.Debug|Any CPU.ActiveCfg = Debug|Any CPU
		{CC9978AD-7ED0-4012-BD63-019163B3C941}.Debug|Any CPU.Build.0 = Debug|Any CPU
		{CC9978AD-7ED0-4012-BD63-019163B3C941}.Debug|x64.ActiveCfg = Debug|Any CPU
		{CC9978AD-7ED0-4012-BD63-019163B3C941}.Debug|x64.Build.0 = Debug|Any CPU
		{CC9978AD-7ED0-4012-BD63-019163B3C941}.Debug|x86.ActiveCfg = Debug|Any CPU
		{CC9978AD-7ED0-4012-BD63-019163B3C941}.Debug|x86.Build.0 = Debug|Any CPU
		{CC9978AD-7ED0-4012-BD63-019163B3C941}.Release|Any CPU.ActiveCfg = Release|Any CPU
		{CC9978AD-7ED0-4012-BD63-019163B3C941}.Release|Any CPU.Build.0 = Release|Any CPU
		{CC9978AD-7ED0-4012-BD63-019163B3C941}.Release|x64.ActiveCfg = Release|Any CPU
		{CC9978AD-7ED0-4012-BD63-019163B3C941}.Release|x64.Build.0 = Release|Any CPU
		{CC9978AD-7ED0-4012-BD63-019163B3C941}.Release|x86.ActiveCfg = Release|Any CPU
		{CC9978AD-7ED0-4012-BD63-019163B3C941}.Release|x86.Build.0 = Release|Any CPU
		{871334B8-9E76-43EE-BAC4-3D390491B2CB}.Debug|Any CPU.ActiveCfg = Debug|Any CPU
		{871334B8-9E76-43EE-BAC4-3D390491B2CB}.Debug|Any CPU.Build.0 = Debug|Any CPU
		{871334B8-9E76-43EE-BAC4-3D390491B2CB}.Debug|x64.ActiveCfg = Debug|Any CPU
		{871334B8-9E76-43EE-BAC4-3D390491B2CB}.Debug|x64.Build.0 = Debug|Any CPU
		{871334B8-9E76-43EE-BAC4-3D390491B2CB}.Debug|x86.ActiveCfg = Debug|Any CPU
		{871334B8-9E76-43EE-BAC4-3D390491B2CB}.Debug|x86.Build.0 = Debug|Any CPU
		{871334B8-9E76-43EE-BAC4-3D390491B2CB}.Release|Any CPU.ActiveCfg = Release|Any CPU
		{871334B8-9E76-43EE-BAC4-3D390491B2CB}.Release|Any CPU.Build.0 = Release|Any CPU
		{871334B8-9E76-43EE-BAC4-3D390491B2CB}.Release|x64.ActiveCfg = Release|Any CPU
		{871334B8-9E76-43EE-BAC4-3D390491B2CB}.Release|x64.Build.0 = Release|Any CPU
		{871334B8-9E76-43EE-BAC4-3D390491B2CB}.Release|x86.ActiveCfg = Release|Any CPU
		{871334B8-9E76-43EE-BAC4-3D390491B2CB}.Release|x86.Build.0 = Release|Any CPU
		{9673EFA8-ED99-483A-84C8-26C234ADA439}.Debug|Any CPU.ActiveCfg = Debug|Any CPU
		{9673EFA8-ED99-483A-84C8-26C234ADA439}.Debug|Any CPU.Build.0 = Debug|Any CPU
		{9673EFA8-ED99-483A-84C8-26C234ADA439}.Debug|x64.ActiveCfg = Debug|Any CPU
		{9673EFA8-ED99-483A-84C8-26C234ADA439}.Debug|x64.Build.0 = Debug|Any CPU
		{9673EFA8-ED99-483A-84C8-26C234ADA439}.Debug|x86.ActiveCfg = Debug|Any CPU
		{9673EFA8-ED99-483A-84C8-26C234ADA439}.Debug|x86.Build.0 = Debug|Any CPU
		{9673EFA8-ED99-483A-84C8-26C234ADA439}.Release|Any CPU.ActiveCfg = Release|Any CPU
		{9673EFA8-ED99-483A-84C8-26C234ADA439}.Release|Any CPU.Build.0 = Release|Any CPU
		{9673EFA8-ED99-483A-84C8-26C234ADA439}.Release|x64.ActiveCfg = Release|Any CPU
		{9673EFA8-ED99-483A-84C8-26C234ADA439}.Release|x64.Build.0 = Release|Any CPU
		{9673EFA8-ED99-483A-84C8-26C234ADA439}.Release|x86.ActiveCfg = Release|Any CPU
		{9673EFA8-ED99-483A-84C8-26C234ADA439}.Release|x86.Build.0 = Release|Any CPU
		{BE69BE0B-032D-42B7-96AC-EDA3B235E3F8}.Debug|Any CPU.ActiveCfg = Debug|Any CPU
		{BE69BE0B-032D-42B7-96AC-EDA3B235E3F8}.Debug|Any CPU.Build.0 = Debug|Any CPU
		{BE69BE0B-032D-42B7-96AC-EDA3B235E3F8}.Debug|x64.ActiveCfg = Debug|Any CPU
		{BE69BE0B-032D-42B7-96AC-EDA3B235E3F8}.Debug|x64.Build.0 = Debug|Any CPU
		{BE69BE0B-032D-42B7-96AC-EDA3B235E3F8}.Debug|x86.ActiveCfg = Debug|Any CPU
		{BE69BE0B-032D-42B7-96AC-EDA3B235E3F8}.Debug|x86.Build.0 = Debug|Any CPU
		{BE69BE0B-032D-42B7-96AC-EDA3B235E3F8}.Release|Any CPU.ActiveCfg = Release|Any CPU
		{BE69BE0B-032D-42B7-96AC-EDA3B235E3F8}.Release|Any CPU.Build.0 = Release|Any CPU
		{BE69BE0B-032D-42B7-96AC-EDA3B235E3F8}.Release|x64.ActiveCfg = Release|Any CPU
		{BE69BE0B-032D-42B7-96AC-EDA3B235E3F8}.Release|x64.Build.0 = Release|Any CPU
		{BE69BE0B-032D-42B7-96AC-EDA3B235E3F8}.Release|x86.ActiveCfg = Release|Any CPU
		{BE69BE0B-032D-42B7-96AC-EDA3B235E3F8}.Release|x86.Build.0 = Release|Any CPU
		{4F7E9AB5-EE13-4012-A4B5-32CE6990A868}.Debug|Any CPU.ActiveCfg = Debug|Any CPU
		{4F7E9AB5-EE13-4012-A4B5-32CE6990A868}.Debug|Any CPU.Build.0 = Debug|Any CPU
		{4F7E9AB5-EE13-4012-A4B5-32CE6990A868}.Debug|x64.ActiveCfg = Debug|Any CPU
		{4F7E9AB5-EE13-4012-A4B5-32CE6990A868}.Debug|x64.Build.0 = Debug|Any CPU
		{4F7E9AB5-EE13-4012-A4B5-32CE6990A868}.Debug|x86.ActiveCfg = Debug|Any CPU
		{4F7E9AB5-EE13-4012-A4B5-32CE6990A868}.Debug|x86.Build.0 = Debug|Any CPU
		{4F7E9AB5-EE13-4012-A4B5-32CE6990A868}.Release|Any CPU.ActiveCfg = Release|Any CPU
		{4F7E9AB5-EE13-4012-A4B5-32CE6990A868}.Release|Any CPU.Build.0 = Release|Any CPU
		{4F7E9AB5-EE13-4012-A4B5-32CE6990A868}.Release|x64.ActiveCfg = Release|Any CPU
		{4F7E9AB5-EE13-4012-A4B5-32CE6990A868}.Release|x64.Build.0 = Release|Any CPU
		{4F7E9AB5-EE13-4012-A4B5-32CE6990A868}.Release|x86.ActiveCfg = Release|Any CPU
		{4F7E9AB5-EE13-4012-A4B5-32CE6990A868}.Release|x86.Build.0 = Release|Any CPU
		{3D7D3681-5F2C-49D8-9131-3F54539FCD44}.Debug|Any CPU.ActiveCfg = Debug|Any CPU
		{3D7D3681-5F2C-49D8-9131-3F54539FCD44}.Debug|Any CPU.Build.0 = Debug|Any CPU
		{3D7D3681-5F2C-49D8-9131-3F54539FCD44}.Debug|x64.ActiveCfg = Debug|Any CPU
		{3D7D3681-5F2C-49D8-9131-3F54539FCD44}.Debug|x64.Build.0 = Debug|Any CPU
		{3D7D3681-5F2C-49D8-9131-3F54539FCD44}.Debug|x86.ActiveCfg = Debug|Any CPU
		{3D7D3681-5F2C-49D8-9131-3F54539FCD44}.Debug|x86.Build.0 = Debug|Any CPU
		{3D7D3681-5F2C-49D8-9131-3F54539FCD44}.Release|Any CPU.ActiveCfg = Release|Any CPU
		{3D7D3681-5F2C-49D8-9131-3F54539FCD44}.Release|Any CPU.Build.0 = Release|Any CPU
		{3D7D3681-5F2C-49D8-9131-3F54539FCD44}.Release|x64.ActiveCfg = Release|Any CPU
		{3D7D3681-5F2C-49D8-9131-3F54539FCD44}.Release|x64.Build.0 = Release|Any CPU
		{3D7D3681-5F2C-49D8-9131-3F54539FCD44}.Release|x86.ActiveCfg = Release|Any CPU
		{3D7D3681-5F2C-49D8-9131-3F54539FCD44}.Release|x86.Build.0 = Release|Any CPU
		{EB5EF225-0501-4038-A59E-BFE84EB697B1}.Debug|Any CPU.ActiveCfg = Debug|Any CPU
		{EB5EF225-0501-4038-A59E-BFE84EB697B1}.Debug|Any CPU.Build.0 = Debug|Any CPU
		{EB5EF225-0501-4038-A59E-BFE84EB697B1}.Debug|x64.ActiveCfg = Debug|Any CPU
		{EB5EF225-0501-4038-A59E-BFE84EB697B1}.Debug|x64.Build.0 = Debug|Any CPU
		{EB5EF225-0501-4038-A59E-BFE84EB697B1}.Debug|x86.ActiveCfg = Debug|Any CPU
		{EB5EF225-0501-4038-A59E-BFE84EB697B1}.Debug|x86.Build.0 = Debug|Any CPU
		{EB5EF225-0501-4038-A59E-BFE84EB697B1}.Release|Any CPU.ActiveCfg = Release|Any CPU
		{EB5EF225-0501-4038-A59E-BFE84EB697B1}.Release|Any CPU.Build.0 = Release|Any CPU
		{EB5EF225-0501-4038-A59E-BFE84EB697B1}.Release|x64.ActiveCfg = Release|Any CPU
		{EB5EF225-0501-4038-A59E-BFE84EB697B1}.Release|x64.Build.0 = Release|Any CPU
		{EB5EF225-0501-4038-A59E-BFE84EB697B1}.Release|x86.ActiveCfg = Release|Any CPU
		{EB5EF225-0501-4038-A59E-BFE84EB697B1}.Release|x86.Build.0 = Release|Any CPU
	EndGlobalSection
	GlobalSection(NestedProjects) = preSolution
		{B8095C22-98EB-4EC1-8EF9-658B15B73334} = {97797217-38EF-48FD-A1A8-3A7871CA4076}
		{EBC7957A-D586-4391-9C18-37E82049AE02} = {7DDA7E03-242F-44D5-92CF-634F02D7DE73}
		{948ADC00-504E-44AD-87CB-5CCEDAA6A2E0} = {EBC7957A-D586-4391-9C18-37E82049AE02}
		{CA3CFCAB-D331-4A49-8594-2F85BEE8128B} = {EBC7957A-D586-4391-9C18-37E82049AE02}
		{4EBE8D15-C4F8-4B48-8FA0-3FC8FFF34B84} = {EBC7957A-D586-4391-9C18-37E82049AE02}
		{82AE1910-2F35-4FB6-B85E-B1C8D505D849} = {948ADC00-504E-44AD-87CB-5CCEDAA6A2E0}
		{19CFA24A-E519-464A-BAE0-F7BBDCD5270B} = {CA3CFCAB-D331-4A49-8594-2F85BEE8128B}
		{CC9978AD-7ED0-4012-BD63-019163B3C941} = {CA3CFCAB-D331-4A49-8594-2F85BEE8128B}
		{871334B8-9E76-43EE-BAC4-3D390491B2CB} = {CA3CFCAB-D331-4A49-8594-2F85BEE8128B}
		{9673EFA8-ED99-483A-84C8-26C234ADA439} = {CA3CFCAB-D331-4A49-8594-2F85BEE8128B}
		{BE69BE0B-032D-42B7-96AC-EDA3B235E3F8} = {4EBE8D15-C4F8-4B48-8FA0-3FC8FFF34B84}
		{4F7E9AB5-EE13-4012-A4B5-32CE6990A868} = {4EBE8D15-C4F8-4B48-8FA0-3FC8FFF34B84}
		{3D7D3681-5F2C-49D8-9131-3F54539FCD44} = {4EBE8D15-C4F8-4B48-8FA0-3FC8FFF34B84}
		{EB5EF225-0501-4038-A59E-BFE84EB697B1} = {4EBE8D15-C4F8-4B48-8FA0-3FC8FFF34B84}
	EndGlobalSection
EndGlobal
