
Microsoft Visual Studio Solution File, Format Version 12.00
# Visual Studio 15
VisualStudioVersion = 15.0.26124.0
MinimumVisualStudioVersion = 15.0.26124.0
Project("{FAE04EC0-301F-11D3-BF4B-00C04F79EFBC}") = "Game.Services.EventProcessor.API", "Game.Services.EventProcessor.API\Game.Services.EventProcessor.API.csproj", "{2C07BF6E-17F1-448D-853D-A0280B33D696}"
EndProject
Project("{FAE04EC0-301F-11D3-BF4B-00C04F79EFBC}") = "Game.Services.EventProcessor.Application", "Game.Services.EventProcessor.Application\Game.Services.EventProcessor.Application.csproj", "{9F9F64DE-A191-4CA2-BDA7-27A4A18194CE}"
EndProject
Project("{FAE04EC0-301F-11D3-BF4B-00C04F79EFBC}") = "Game.Services.EventProcessor.Core", "Game.Services.EventProcessor.Core\Game.Services.EventProcessor.Core.csproj", "{92EE4665-E914-41C6-9841-3E9AAF8A1AF1}"
EndProject
Project("{FAE04EC0-301F-11D3-BF4B-00C04F79EFBC}") = "Game.Services.EventProcessor.Infrastructure", "Game.Services.EventProcessor.Infrastructure\Game.Services.EventProcessor.Infrastructure.csproj", "{05C47C5B-02A7-44A5-AA1B-6B67CCE745C7}"
EndProject
Global
	GlobalSection(SolutionConfigurationPlatforms) = preSolution
		Debug|Any CPU = Debug|Any CPU
		Debug|x64 = Debug|x64
		Debug|x86 = Debug|x86
		Release|Any CPU = Release|Any CPU
		Release|x64 = Release|x64
		Release|x86 = Release|x86
	EndGlobalSection
	GlobalSection(SolutionProperties) = preSolution
		HideSolutionNode = FALSE
	EndGlobalSection
	GlobalSection(ProjectConfigurationPlatforms) = postSolution
		{2C07BF6E-17F1-448D-853D-A0280B33D696}.Debug|Any CPU.ActiveCfg = Debug|Any CPU
		{2C07BF6E-17F1-448D-853D-A0280B33D696}.Debug|Any CPU.Build.0 = Debug|Any CPU
		{2C07BF6E-17F1-448D-853D-A0280B33D696}.Debug|x64.ActiveCfg = Debug|Any CPU
		{2C07BF6E-17F1-448D-853D-A0280B33D696}.Debug|x64.Build.0 = Debug|Any CPU
		{2C07BF6E-17F1-448D-853D-A0280B33D696}.Debug|x86.ActiveCfg = Debug|Any CPU
		{2C07BF6E-17F1-448D-853D-A0280B33D696}.Debug|x86.Build.0 = Debug|Any CPU
		{2C07BF6E-17F1-448D-853D-A0280B33D696}.Release|Any CPU.ActiveCfg = Release|Any CPU
		{2C07BF6E-17F1-448D-853D-A0280B33D696}.Release|Any CPU.Build.0 = Release|Any CPU
		{2C07BF6E-17F1-448D-853D-A0280B33D696}.Release|x64.ActiveCfg = Release|Any CPU
		{2C07BF6E-17F1-448D-853D-A0280B33D696}.Release|x64.Build.0 = Release|Any CPU
		{2C07BF6E-17F1-448D-853D-A0280B33D696}.Release|x86.ActiveCfg = Release|Any CPU
		{2C07BF6E-17F1-448D-853D-A0280B33D696}.Release|x86.Build.0 = Release|Any CPU
		{9F9F64DE-A191-4CA2-BDA7-27A4A18194CE}.Debug|Any CPU.ActiveCfg = Debug|Any CPU
		{9F9F64DE-A191-4CA2-BDA7-27A4A18194CE}.Debug|Any CPU.Build.0 = Debug|Any CPU
		{9F9F64DE-A191-4CA2-BDA7-27A4A18194CE}.Debug|x64.ActiveCfg = Debug|Any CPU
		{9F9F64DE-A191-4CA2-BDA7-27A4A18194CE}.Debug|x64.Build.0 = Debug|Any CPU
		{9F9F64DE-A191-4CA2-BDA7-27A4A18194CE}.Debug|x86.ActiveCfg = Debug|Any CPU
		{9F9F64DE-A191-4CA2-BDA7-27A4A18194CE}.Debug|x86.Build.0 = Debug|Any CPU
		{9F9F64DE-A191-4CA2-BDA7-27A4A18194CE}.Release|Any CPU.ActiveCfg = Release|Any CPU
		{9F9F64DE-A191-4CA2-BDA7-27A4A18194CE}.Release|Any CPU.Build.0 = Release|Any CPU
		{9F9F64DE-A191-4CA2-BDA7-27A4A18194CE}.Release|x64.ActiveCfg = Release|Any CPU
		{9F9F64DE-A191-4CA2-BDA7-27A4A18194CE}.Release|x64.Build.0 = Release|Any CPU
		{9F9F64DE-A191-4CA2-BDA7-27A4A18194CE}.Release|x86.ActiveCfg = Release|Any CPU
		{9F9F64DE-A191-4CA2-BDA7-27A4A18194CE}.Release|x86.Build.0 = Release|Any CPU
		{92EE4665-E914-41C6-9841-3E9AAF8A1AF1}.Debug|Any CPU.ActiveCfg = Debug|Any CPU
		{92EE4665-E914-41C6-9841-3E9AAF8A1AF1}.Debug|Any CPU.Build.0 = Debug|Any CPU
		{92EE4665-E914-41C6-9841-3E9AAF8A1AF1}.Debug|x64.ActiveCfg = Debug|Any CPU
		{92EE4665-E914-41C6-9841-3E9AAF8A1AF1}.Debug|x64.Build.0 = Debug|Any CPU
		{92EE4665-E914-41C6-9841-3E9AAF8A1AF1}.Debug|x86.ActiveCfg = Debug|Any CPU
		{92EE4665-E914-41C6-9841-3E9AAF8A1AF1}.Debug|x86.Build.0 = Debug|Any CPU
		{92EE4665-E914-41C6-9841-3E9AAF8A1AF1}.Release|Any CPU.ActiveCfg = Release|Any CPU
		{92EE4665-E914-41C6-9841-3E9AAF8A1AF1}.Release|Any CPU.Build.0 = Release|Any CPU
		{92EE4665-E914-41C6-9841-3E9AAF8A1AF1}.Release|x64.ActiveCfg = Release|Any CPU
		{92EE4665-E914-41C6-9841-3E9AAF8A1AF1}.Release|x64.Build.0 = Release|Any CPU
		{92EE4665-E914-41C6-9841-3E9AAF8A1AF1}.Release|x86.ActiveCfg = Release|Any CPU
		{92EE4665-E914-41C6-9841-3E9AAF8A1AF1}.Release|x86.Build.0 = Release|Any CPU
		{05C47C5B-02A7-44A5-AA1B-6B67CCE745C7}.Debug|Any CPU.ActiveCfg = Debug|Any CPU
		{05C47C5B-02A7-44A5-AA1B-6B67CCE745C7}.Debug|Any CPU.Build.0 = Debug|Any CPU
		{05C47C5B-02A7-44A5-AA1B-6B67CCE745C7}.Debug|x64.ActiveCfg = Debug|Any CPU
		{05C47C5B-02A7-44A5-AA1B-6B67CCE745C7}.Debug|x64.Build.0 = Debug|Any CPU
		{05C47C5B-02A7-44A5-AA1B-6B67CCE745C7}.Debug|x86.ActiveCfg = Debug|Any CPU
		{05C47C5B-02A7-44A5-AA1B-6B67CCE745C7}.Debug|x86.Build.0 = Debug|Any CPU
		{05C47C5B-02A7-44A5-AA1B-6B67CCE745C7}.Release|Any CPU.ActiveCfg = Release|Any CPU
		{05C47C5B-02A7-44A5-AA1B-6B67CCE745C7}.Release|Any CPU.Build.0 = Release|Any CPU
		{05C47C5B-02A7-44A5-AA1B-6B67CCE745C7}.Release|x64.ActiveCfg = Release|Any CPU
		{05C47C5B-02A7-44A5-AA1B-6B67CCE745C7}.Release|x64.Build.0 = Release|Any CPU
		{05C47C5B-02A7-44A5-AA1B-6B67CCE745C7}.Release|x86.ActiveCfg = Release|Any CPU
		{05C47C5B-02A7-44A5-AA1B-6B67CCE745C7}.Release|x86.Build.0 = Release|Any CPU
	EndGlobalSection
EndGlobal
